
Microsoft Visual Studio Solution File, Format Version 12.00
# Visual Studio 2017
Project("{FAE04EC0-301F-11D3-BF4B-00C04F79EFBC}") = "Relativision2", "Relativision2.csproj", "{ED74A156-B344-4325-AEA4-776DD1C3A12B}"
EndProject
Project("{FAE04EC0-301F-11D3-BF4B-00C04F79EFBC}") = "Relativision2.Editor", "Relativision2.Editor.csproj", "{B4733F18-B11A-61E8-2628-731B84A2F10B}"
EndProject
Global
	GlobalSection(SolutionConfigurationPlatforms) = preSolution
		Debug|Any CPU = Debug|Any CPU
		Release|Any CPU = Release|Any CPU
	EndGlobalSection
	GlobalSection(ProjectConfigurationPlatforms) = postSolution
		{ED74A156-B344-4325-AEA4-776DD1C3A12B}.Debug|Any CPU.ActiveCfg = Debug|Any CPU
		{ED74A156-B344-4325-AEA4-776DD1C3A12B}.Debug|Any CPU.Build.0 = Debug|Any CPU
		{ED74A156-B344-4325-AEA4-776DD1C3A12B}.Release|Any CPU.ActiveCfg = Release|Any CPU
		{ED74A156-B344-4325-AEA4-776DD1C3A12B}.Release|Any CPU.Build.0 = Release|Any CPU
		{B4733F18-B11A-61E8-2628-731B84A2F10B}.Debug|Any CPU.ActiveCfg = Debug|Any CPU
		{B4733F18-B11A-61E8-2628-731B84A2F10B}.Debug|Any CPU.Build.0 = Debug|Any CPU
		{B4733F18-B11A-61E8-2628-731B84A2F10B}.Release|Any CPU.ActiveCfg = Release|Any CPU
		{B4733F18-B11A-61E8-2628-731B84A2F10B}.Release|Any CPU.Build.0 = Release|Any CPU
	EndGlobalSection
	GlobalSection(SolutionProperties) = preSolution
		HideSolutionNode = FALSE
	EndGlobalSection
EndGlobal
